
Microsoft Visual Studio Solution File, Format Version 12.00
# Visual Studio Version 16
VisualStudioVersion = 16.0.30011.22
MinimumVisualStudioVersion = 10.0.40219.1
Project("{9A19103F-16F7-4668-BE54-9A1E7A4F7556}") = "OpenFlow_Avalonia", "OpenFlow_Avalonia\OpenFlow_Avalonia.csproj", "{1A130EC7-3C78-4E12-93C5-76CB95BBC1B4}"
EndProject
Project("{9A19103F-16F7-4668-BE54-9A1E7A4F7556}") = "OpenFlow_Core", "OpenFlow_Core\OpenFlow_Core.csproj", "{375ABE63-AED3-4EF2-9C8D-575BB31B03F5}"
EndProject
Project("{9A19103F-16F7-4668-BE54-9A1E7A4F7556}") = "WindowsVolumeControlNodes", "Plugins\Windows Volume Control\WindowsVolumeControlNodes\WindowsVolumeControlNodes.csproj", "{DE8AD9CB-BEC1-4DB1-B494-CC76D4F7296C}"
EndProject
Project("{9A19103F-16F7-4668-BE54-9A1E7A4F7556}") = "OpenFlow_Inbuilt", "OpenFlow_Inbuilt\OpenFlow_Inbuilt.csproj", "{B113AA94-78AF-4CCE-8A93-4A9B85417E6B}"
EndProject
Project("{9A19103F-16F7-4668-BE54-9A1E7A4F7556}") = "OpenFlow_PluginFramework", "OpenFlow_PluginFramework\OpenFlow_PluginFramework.csproj", "{12D329CB-6C89-43F1-BB6C-BBA9E984A3ED}"
EndProject
Project("{2150E333-8FDC-42A3-9474-1A3956D46DE8}") = "Solution Items", "Solution Items", "{411F115A-270E-43E6-A632-74F3AF6880B7}"
	ProjectSection(SolutionItems) = preProject
		.editorconfig = .editorconfig
	EndProjectSection
EndProject
Project("{2150E333-8FDC-42A3-9474-1A3956D46DE8}") = "src", "src", "{D6C68D7F-CBC8-4700-A5F4-BA39966FE73C}"
EndProject
Project("{2150E333-8FDC-42A3-9474-1A3956D46DE8}") = "Tests", "Tests", "{3B478EA0-F31D-4067-B313-2EC16EDDDEA3}"
EndProject
Project("{2150E333-8FDC-42A3-9474-1A3956D46DE8}") = "Base", "Base", "{B6015095-D28C-4D9E-82FB-7166934E8AA5}"
EndProject
Project("{2150E333-8FDC-42A3-9474-1A3956D46DE8}") = "Plugins", "Plugins", "{DD409C11-D6B5-47ED-9FD2-FDECE50FC4FA}"
EndProject
Project("{2150E333-8FDC-42A3-9474-1A3956D46DE8}") = "Base", "Base", "{497F048D-2E1C-4018-8350-A5786F43E570}"
EndProject
Project("{2150E333-8FDC-42A3-9474-1A3956D46DE8}") = "Plugins", "Plugins", "{3A8E10AB-3140-4973-A9A5-1476B49070BE}"
EndProject
Project("{FAE04EC0-301F-11D3-BF4B-00C04F79EFBC}") = "OpenFlow_PluginFramework.UnitTests", "OpenFlow_PluginFramework.UnitTests\OpenFlow_PluginFramework.UnitTests.csproj", "{D112B235-0EF9-4F68-962C-3F7322A60D8A}"
EndProject
Global
	GlobalSection(SolutionConfigurationPlatforms) = preSolution
		Debug|Any CPU = Debug|Any CPU
		Debug|x64 = Debug|x64
		Debug|x86 = Debug|x86
		Release|Any CPU = Release|Any CPU
		Release|x64 = Release|x64
		Release|x86 = Release|x86
	EndGlobalSection
	GlobalSection(ProjectConfigurationPlatforms) = postSolution
		{1A130EC7-3C78-4E12-93C5-76CB95BBC1B4}.Debug|Any CPU.ActiveCfg = Debug|Any CPU
		{1A130EC7-3C78-4E12-93C5-76CB95BBC1B4}.Debug|Any CPU.Build.0 = Debug|Any CPU
		{1A130EC7-3C78-4E12-93C5-76CB95BBC1B4}.Debug|x64.ActiveCfg = Debug|Any CPU
		{1A130EC7-3C78-4E12-93C5-76CB95BBC1B4}.Debug|x64.Build.0 = Debug|Any CPU
		{1A130EC7-3C78-4E12-93C5-76CB95BBC1B4}.Debug|x86.ActiveCfg = Debug|Any CPU
		{1A130EC7-3C78-4E12-93C5-76CB95BBC1B4}.Debug|x86.Build.0 = Debug|Any CPU
		{1A130EC7-3C78-4E12-93C5-76CB95BBC1B4}.Release|Any CPU.ActiveCfg = Debug|Any CPU
		{1A130EC7-3C78-4E12-93C5-76CB95BBC1B4}.Release|x64.ActiveCfg = Release|Any CPU
		{1A130EC7-3C78-4E12-93C5-76CB95BBC1B4}.Release|x64.Build.0 = Release|Any CPU
		{1A130EC7-3C78-4E12-93C5-76CB95BBC1B4}.Release|x86.ActiveCfg = Release|Any CPU
		{1A130EC7-3C78-4E12-93C5-76CB95BBC1B4}.Release|x86.Build.0 = Release|Any CPU
		{375ABE63-AED3-4EF2-9C8D-575BB31B03F5}.Debug|Any CPU.ActiveCfg = Debug|Any CPU
		{375ABE63-AED3-4EF2-9C8D-575BB31B03F5}.Debug|Any CPU.Build.0 = Debug|Any CPU
		{375ABE63-AED3-4EF2-9C8D-575BB31B03F5}.Debug|x64.ActiveCfg = Debug|Any CPU
		{375ABE63-AED3-4EF2-9C8D-575BB31B03F5}.Debug|x64.Build.0 = Debug|Any CPU
		{375ABE63-AED3-4EF2-9C8D-575BB31B03F5}.Debug|x86.ActiveCfg = Debug|Any CPU
		{375ABE63-AED3-4EF2-9C8D-575BB31B03F5}.Debug|x86.Build.0 = Debug|Any CPU
		{375ABE63-AED3-4EF2-9C8D-575BB31B03F5}.Release|Any CPU.ActiveCfg = Release|Any CPU
		{375ABE63-AED3-4EF2-9C8D-575BB31B03F5}.Release|Any CPU.Build.0 = Release|Any CPU
		{375ABE63-AED3-4EF2-9C8D-575BB31B03F5}.Release|x64.ActiveCfg = Release|Any CPU
		{375ABE63-AED3-4EF2-9C8D-575BB31B03F5}.Release|x64.Build.0 = Release|Any CPU
		{375ABE63-AED3-4EF2-9C8D-575BB31B03F5}.Release|x86.ActiveCfg = Release|Any CPU
		{375ABE63-AED3-4EF2-9C8D-575BB31B03F5}.Release|x86.Build.0 = Release|Any CPU
		{DE8AD9CB-BEC1-4DB1-B494-CC76D4F7296C}.Debug|Any CPU.ActiveCfg = Debug|Any CPU
		{DE8AD9CB-BEC1-4DB1-B494-CC76D4F7296C}.Debug|Any CPU.Build.0 = Debug|Any CPU
		{DE8AD9CB-BEC1-4DB1-B494-CC76D4F7296C}.Debug|x64.ActiveCfg = Debug|Any CPU
		{DE8AD9CB-BEC1-4DB1-B494-CC76D4F7296C}.Debug|x64.Build.0 = Debug|Any CPU
		{DE8AD9CB-BEC1-4DB1-B494-CC76D4F7296C}.Debug|x86.ActiveCfg = Debug|Any CPU
		{DE8AD9CB-BEC1-4DB1-B494-CC76D4F7296C}.Debug|x86.Build.0 = Debug|Any CPU
		{DE8AD9CB-BEC1-4DB1-B494-CC76D4F7296C}.Release|Any CPU.ActiveCfg = Release|Any CPU
		{DE8AD9CB-BEC1-4DB1-B494-CC76D4F7296C}.Release|Any CPU.Build.0 = Release|Any CPU
		{DE8AD9CB-BEC1-4DB1-B494-CC76D4F7296C}.Release|x64.ActiveCfg = Release|Any CPU
		{DE8AD9CB-BEC1-4DB1-B494-CC76D4F7296C}.Release|x64.Build.0 = Release|Any CPU
		{DE8AD9CB-BEC1-4DB1-B494-CC76D4F7296C}.Release|x86.ActiveCfg = Release|Any CPU
		{DE8AD9CB-BEC1-4DB1-B494-CC76D4F7296C}.Release|x86.Build.0 = Release|Any CPU
		{B113AA94-78AF-4CCE-8A93-4A9B85417E6B}.Debug|Any CPU.ActiveCfg = Debug|Any CPU
		{B113AA94-78AF-4CCE-8A93-4A9B85417E6B}.Debug|Any CPU.Build.0 = Debug|Any CPU
		{B113AA94-78AF-4CCE-8A93-4A9B85417E6B}.Debug|x64.ActiveCfg = Debug|Any CPU
		{B113AA94-78AF-4CCE-8A93-4A9B85417E6B}.Debug|x64.Build.0 = Debug|Any CPU
		{B113AA94-78AF-4CCE-8A93-4A9B85417E6B}.Debug|x86.ActiveCfg = Debug|Any CPU
		{B113AA94-78AF-4CCE-8A93-4A9B85417E6B}.Debug|x86.Build.0 = Debug|Any CPU
		{B113AA94-78AF-4CCE-8A93-4A9B85417E6B}.Release|Any CPU.ActiveCfg = Release|Any CPU
		{B113AA94-78AF-4CCE-8A93-4A9B85417E6B}.Release|Any CPU.Build.0 = Release|Any CPU
		{B113AA94-78AF-4CCE-8A93-4A9B85417E6B}.Release|x64.ActiveCfg = Release|Any CPU
		{B113AA94-78AF-4CCE-8A93-4A9B85417E6B}.Release|x64.Build.0 = Release|Any CPU
		{B113AA94-78AF-4CCE-8A93-4A9B85417E6B}.Release|x86.ActiveCfg = Release|Any CPU
		{B113AA94-78AF-4CCE-8A93-4A9B85417E6B}.Release|x86.Build.0 = Release|Any CPU
		{12D329CB-6C89-43F1-BB6C-BBA9E984A3ED}.Debug|Any CPU.ActiveCfg = Debug|Any CPU
		{12D329CB-6C89-43F1-BB6C-BBA9E984A3ED}.Debug|Any CPU.Build.0 = Debug|Any CPU
		{12D329CB-6C89-43F1-BB6C-BBA9E984A3ED}.Debug|x64.ActiveCfg = Debug|Any CPU
		{12D329CB-6C89-43F1-BB6C-BBA9E984A3ED}.Debug|x64.Build.0 = Debug|Any CPU
		{12D329CB-6C89-43F1-BB6C-BBA9E984A3ED}.Debug|x86.ActiveCfg = Debug|Any CPU
		{12D329CB-6C89-43F1-BB6C-BBA9E984A3ED}.Debug|x86.Build.0 = Debug|Any CPU
		{12D329CB-6C89-43F1-BB6C-BBA9E984A3ED}.Release|Any CPU.ActiveCfg = Release|Any CPU
		{12D329CB-6C89-43F1-BB6C-BBA9E984A3ED}.Release|Any CPU.Build.0 = Release|Any CPU
		{12D329CB-6C89-43F1-BB6C-BBA9E984A3ED}.Release|x64.ActiveCfg = Release|Any CPU
		{12D329CB-6C89-43F1-BB6C-BBA9E984A3ED}.Release|x64.Build.0 = Release|Any CPU
		{12D329CB-6C89-43F1-BB6C-BBA9E984A3ED}.Release|x86.ActiveCfg = Release|Any CPU
		{12D329CB-6C89-43F1-BB6C-BBA9E984A3ED}.Release|x86.Build.0 = Release|Any CPU
		{D112B235-0EF9-4F68-962C-3F7322A60D8A}.Debug|Any CPU.ActiveCfg = Debug|Any CPU
		{D112B235-0EF9-4F68-962C-3F7322A60D8A}.Debug|Any CPU.Build.0 = Debug|Any CPU
		{D112B235-0EF9-4F68-962C-3F7322A60D8A}.Debug|x64.ActiveCfg = Debug|Any CPU
		{D112B235-0EF9-4F68-962C-3F7322A60D8A}.Debug|x64.Build.0 = Debug|Any CPU
		{D112B235-0EF9-4F68-962C-3F7322A60D8A}.Debug|x86.ActiveCfg = Debug|Any CPU
		{D112B235-0EF9-4F68-962C-3F7322A60D8A}.Debug|x86.Build.0 = Debug|Any CPU
		{D112B235-0EF9-4F68-962C-3F7322A60D8A}.Release|Any CPU.ActiveCfg = Release|Any CPU
		{D112B235-0EF9-4F68-962C-3F7322A60D8A}.Release|Any CPU.Build.0 = Release|Any CPU
		{D112B235-0EF9-4F68-962C-3F7322A60D8A}.Release|x64.ActiveCfg = Release|Any CPU
		{D112B235-0EF9-4F68-962C-3F7322A60D8A}.Release|x64.Build.0 = Release|Any CPU
		{D112B235-0EF9-4F68-962C-3F7322A60D8A}.Release|x86.ActiveCfg = Release|Any CPU
		{D112B235-0EF9-4F68-962C-3F7322A60D8A}.Release|x86.Build.0 = Release|Any CPU
	EndGlobalSection
	GlobalSection(SolutionProperties) = preSolution
		HideSolutionNode = FALSE
	EndGlobalSection
	GlobalSection(NestedProjects) = preSolution
		{1A130EC7-3C78-4E12-93C5-76CB95BBC1B4} = {B6015095-D28C-4D9E-82FB-7166934E8AA5}
		{375ABE63-AED3-4EF2-9C8D-575BB31B03F5} = {B6015095-D28C-4D9E-82FB-7166934E8AA5}
		{DE8AD9CB-BEC1-4DB1-B494-CC76D4F7296C} = {DD409C11-D6B5-47ED-9FD2-FDECE50FC4FA}
		{B113AA94-78AF-4CCE-8A93-4A9B85417E6B} = {DD409C11-D6B5-47ED-9FD2-FDECE50FC4FA}
		{12D329CB-6C89-43F1-BB6C-BBA9E984A3ED} = {B6015095-D28C-4D9E-82FB-7166934E8AA5}
		{B6015095-D28C-4D9E-82FB-7166934E8AA5} = {D6C68D7F-CBC8-4700-A5F4-BA39966FE73C}
		{DD409C11-D6B5-47ED-9FD2-FDECE50FC4FA} = {D6C68D7F-CBC8-4700-A5F4-BA39966FE73C}
		{497F048D-2E1C-4018-8350-A5786F43E570} = {3B478EA0-F31D-4067-B313-2EC16EDDDEA3}
		{3A8E10AB-3140-4973-A9A5-1476B49070BE} = {3B478EA0-F31D-4067-B313-2EC16EDDDEA3}
		{D112B235-0EF9-4F68-962C-3F7322A60D8A} = {497F048D-2E1C-4018-8350-A5786F43E570}
	EndGlobalSection
	GlobalSection(ExtensibilityGlobals) = postSolution
		SolutionGuid = {4A37BCC4-6E76-48E6-88C7-10E68EC6215F}
	EndGlobalSection
EndGlobal
